// !$*UTF8*$!
{
	archiveVersion = 1;
	classes = {
	};
	objectVersion = 50;
	objects = {

/* Begin PBXBuildFile section */
		3F552C6A266FF91A000E2823 /* AppDelegate.swift in Sources */ = {isa = PBXBuildFile; fileRef = 3F552C69266FF91A000E2823 /* AppDelegate.swift */; };
		3F552C6C266FF91A000E2823 /* SceneDelegate.swift in Sources */ = {isa = PBXBuildFile; fileRef = 3F552C6B266FF91A000E2823 /* SceneDelegate.swift */; };
		3F552C6E266FF91A000E2823 /* ViewController.swift in Sources */ = {isa = PBXBuildFile; fileRef = 3F552C6D266FF91A000E2823 /* ViewController.swift */; };
		3F552C71266FF91A000E2823 /* Main.storyboard in Resources */ = {isa = PBXBuildFile; fileRef = 3F552C6F266FF91A000E2823 /* Main.storyboard */; };
		3F552C73266FF91D000E2823 /* Assets.xcassets in Resources */ = {isa = PBXBuildFile; fileRef = 3F552C72266FF91D000E2823 /* Assets.xcassets */; };
		3F552C76266FF91D000E2823 /* LaunchScreen.storyboard in Resources */ = {isa = PBXBuildFile; fileRef = 3F552C74266FF91D000E2823 /* LaunchScreen.storyboard */; };
		3F552C81266FF91D000E2823 /* TestProjetinhoTests.swift in Sources */ = {isa = PBXBuildFile; fileRef = 3F552C80266FF91D000E2823 /* TestProjetinhoTests.swift */; };
		3F552C8C266FF91D000E2823 /* TestProjetinhoUITests.swift in Sources */ = {isa = PBXBuildFile; fileRef = 3F552C8B266FF91D000E2823 /* TestProjetinhoUITests.swift */; };
		3F552C9A266FFEFF000E2823 /* DetailViewController.swift in Sources */ = {isa = PBXBuildFile; fileRef = 3F552C99266FFEFF000E2823 /* DetailViewController.swift */; };
/* End PBXBuildFile section */

/* Begin PBXContainerItemProxy section */
		3F552C7D266FF91D000E2823 /* PBXContainerItemProxy */ = {
			isa = PBXContainerItemProxy;
			containerPortal = 3F552C5E266FF91A000E2823 /* Project object */;
			proxyType = 1;
			remoteGlobalIDString = 3F552C65266FF91A000E2823;
			remoteInfo = TestProjetinho;
		};
		3F552C88266FF91D000E2823 /* PBXContainerItemProxy */ = {
			isa = PBXContainerItemProxy;
			containerPortal = 3F552C5E266FF91A000E2823 /* Project object */;
			proxyType = 1;
			remoteGlobalIDString = 3F552C65266FF91A000E2823;
			remoteInfo = TestProjetinho;
		};
/* End PBXContainerItemProxy section */

/* Begin PBXFileReference section */
		3F552C66266FF91A000E2823 /* TestProjetinho.app */ = {isa = PBXFileReference; explicitFileType = wrapper.application; includeInIndex = 0; path = TestProjetinho.app; sourceTree = BUILT_PRODUCTS_DIR; };
		3F552C69266FF91A000E2823 /* AppDelegate.swift */ = {isa = PBXFileReference; lastKnownFileType = sourcecode.swift; path = AppDelegate.swift; sourceTree = "<group>"; };
		3F552C6B266FF91A000E2823 /* SceneDelegate.swift */ = {isa = PBXFileReference; lastKnownFileType = sourcecode.swift; path = SceneDelegate.swift; sourceTree = "<group>"; };
		3F552C6D266FF91A000E2823 /* ViewController.swift */ = {isa = PBXFileReference; lastKnownFileType = sourcecode.swift; path = ViewController.swift; sourceTree = "<group>"; };
		3F552C70266FF91A000E2823 /* Base */ = {isa = PBXFileReference; lastKnownFileType = file.storyboard; name = Base; path = Base.lproj/Main.storyboard; sourceTree = "<group>"; };
		3F552C72266FF91D000E2823 /* Assets.xcassets */ = {isa = PBXFileReference; lastKnownFileType = folder.assetcatalog; path = Assets.xcassets; sourceTree = "<group>"; };
		3F552C75266FF91D000E2823 /* Base */ = {isa = PBXFileReference; lastKnownFileType = file.storyboard; name = Base; path = Base.lproj/LaunchScreen.storyboard; sourceTree = "<group>"; };
		3F552C77266FF91D000E2823 /* Info.plist */ = {isa = PBXFileReference; lastKnownFileType = text.plist.xml; path = Info.plist; sourceTree = "<group>"; };
		3F552C7C266FF91D000E2823 /* TestProjetinhoTests.xctest */ = {isa = PBXFileReference; explicitFileType = wrapper.cfbundle; includeInIndex = 0; path = TestProjetinhoTests.xctest; sourceTree = BUILT_PRODUCTS_DIR; };
		3F552C80266FF91D000E2823 /* TestProjetinhoTests.swift */ = {isa = PBXFileReference; lastKnownFileType = sourcecode.swift; path = TestProjetinhoTests.swift; sourceTree = "<group>"; };
		3F552C82266FF91D000E2823 /* Info.plist */ = {isa = PBXFileReference; lastKnownFileType = text.plist.xml; path = Info.plist; sourceTree = "<group>"; };
		3F552C87266FF91D000E2823 /* TestProjetinhoUITests.xctest */ = {isa = PBXFileReference; explicitFileType = wrapper.cfbundle; includeInIndex = 0; path = TestProjetinhoUITests.xctest; sourceTree = BUILT_PRODUCTS_DIR; };
		3F552C8B266FF91D000E2823 /* TestProjetinhoUITests.swift */ = {isa = PBXFileReference; lastKnownFileType = sourcecode.swift; path = TestProjetinhoUITests.swift; sourceTree = "<group>"; };
		3F552C8D266FF91D000E2823 /* Info.plist */ = {isa = PBXFileReference; lastKnownFileType = text.plist.xml; path = Info.plist; sourceTree = "<group>"; };
		3F552C99266FFEFF000E2823 /* DetailViewController.swift */ = {isa = PBXFileReference; lastKnownFileType = sourcecode.swift; path = DetailViewController.swift; sourceTree = "<group>"; };
/* End PBXFileReference section */

/* Begin PBXFrameworksBuildPhase section */
		3F552C63266FF91A000E2823 /* Frameworks */ = {
			isa = PBXFrameworksBuildPhase;
			buildActionMask = 2147483647;
			files = (
			);
			runOnlyForDeploymentPostprocessing = 0;
		};
		3F552C79266FF91D000E2823 /* Frameworks */ = {
			isa = PBXFrameworksBuildPhase;
			buildActionMask = 2147483647;
			files = (
			);
			runOnlyForDeploymentPostprocessing = 0;
		};
		3F552C84266FF91D000E2823 /* Frameworks */ = {
			isa = PBXFrameworksBuildPhase;
			buildActionMask = 2147483647;
			files = (
			);
			runOnlyForDeploymentPostprocessing = 0;
		};
/* End PBXFrameworksBuildPhase section */

/* Begin PBXGroup section */
		3F552C5D266FF91A000E2823 = {
			isa = PBXGroup;
			children = (
				3F552C68266FF91A000E2823 /* TestProjetinho */,
				3F552C7F266FF91D000E2823 /* TestProjetinhoTests */,
				3F552C8A266FF91D000E2823 /* TestProjetinhoUITests */,
				3F552C67266FF91A000E2823 /* Products */,
			);
			sourceTree = "<group>";
		};
		3F552C67266FF91A000E2823 /* Products */ = {
			isa = PBXGroup;
			children = (
				3F552C66266FF91A000E2823 /* TestProjetinho.app */,
				3F552C7C266FF91D000E2823 /* TestProjetinhoTests.xctest */,
				3F552C87266FF91D000E2823 /* TestProjetinhoUITests.xctest */,
			);
			name = Products;
			sourceTree = "<group>";
		};
		3F552C68266FF91A000E2823 /* TestProjetinho */ = {
			isa = PBXGroup;
			children = (
				3F552C69266FF91A000E2823 /* AppDelegate.swift */,
				3F552C6B266FF91A000E2823 /* SceneDelegate.swift */,
				3F552C6D266FF91A000E2823 /* ViewController.swift */,
				3F552C99266FFEFF000E2823 /* DetailViewController.swift */,
				3F552C6F266FF91A000E2823 /* Main.storyboard */,
				3F552C72266FF91D000E2823 /* Assets.xcassets */,
				3F552C74266FF91D000E2823 /* LaunchScreen.storyboard */,
				3F552C77266FF91D000E2823 /* Info.plist */,
			);
			path = TestProjetinho;
			sourceTree = "<group>";
		};
		3F552C7F266FF91D000E2823 /* TestProjetinhoTests */ = {
			isa = PBXGroup;
			children = (
				3F552C80266FF91D000E2823 /* TestProjetinhoTests.swift */,
				3F552C82266FF91D000E2823 /* Info.plist */,
			);
			path = TestProjetinhoTests;
			sourceTree = "<group>";
		};
		3F552C8A266FF91D000E2823 /* TestProjetinhoUITests */ = {
			isa = PBXGroup;
			children = (
				3F552C8B266FF91D000E2823 /* TestProjetinhoUITests.swift */,
				3F552C8D266FF91D000E2823 /* Info.plist */,
			);
			path = TestProjetinhoUITests;
			sourceTree = "<group>";
		};
/* End PBXGroup section */

/* Begin PBXNativeTarget section */
		3F552C65266FF91A000E2823 /* TestProjetinho */ = {
			isa = PBXNativeTarget;
			buildConfigurationList = 3F552C90266FF91D000E2823 /* Build configuration list for PBXNativeTarget "TestProjetinho" */;
			buildPhases = (
				3F552C62266FF91A000E2823 /* Sources */,
				3F552C63266FF91A000E2823 /* Frameworks */,
				3F552C64266FF91A000E2823 /* Resources */,
			);
			buildRules = (
			);
			dependencies = (
			);
			name = TestProjetinho;
			productName = TestProjetinho;
			productReference = 3F552C66266FF91A000E2823 /* TestProjetinho.app */;
			productType = "com.apple.product-type.application";
		};
		3F552C7B266FF91D000E2823 /* TestProjetinhoTests */ = {
			isa = PBXNativeTarget;
			buildConfigurationList = 3F552C93266FF91D000E2823 /* Build configuration list for PBXNativeTarget "TestProjetinhoTests" */;
			buildPhases = (
				3F552C78266FF91D000E2823 /* Sources */,
				3F552C79266FF91D000E2823 /* Frameworks */,
				3F552C7A266FF91D000E2823 /* Resources */,
			);
			buildRules = (
			);
			dependencies = (
				3F552C7E266FF91D000E2823 /* PBXTargetDependency */,
			);
			name = TestProjetinhoTests;
			productName = TestProjetinhoTests;
			productReference = 3F552C7C266FF91D000E2823 /* TestProjetinhoTests.xctest */;
			productType = "com.apple.product-type.bundle.unit-test";
		};
		3F552C86266FF91D000E2823 /* TestProjetinhoUITests */ = {
			isa = PBXNativeTarget;
			buildConfigurationList = 3F552C96266FF91D000E2823 /* Build configuration list for PBXNativeTarget "TestProjetinhoUITests" */;
			buildPhases = (
				3F552C83266FF91D000E2823 /* Sources */,
				3F552C84266FF91D000E2823 /* Frameworks */,
				3F552C85266FF91D000E2823 /* Resources */,
			);
			buildRules = (
			);
			dependencies = (
				3F552C89266FF91D000E2823 /* PBXTargetDependency */,
			);
			name = TestProjetinhoUITests;
			productName = TestProjetinhoUITests;
			productReference = 3F552C87266FF91D000E2823 /* TestProjetinhoUITests.xctest */;
			productType = "com.apple.product-type.bundle.ui-testing";
		};
/* End PBXNativeTarget section */

/* Begin PBXProject section */
		3F552C5E266FF91A000E2823 /* Project object */ = {
			isa = PBXProject;
			attributes = {
				LastSwiftUpdateCheck = 1250;
				LastUpgradeCheck = 1250;
				TargetAttributes = {
					3F552C65266FF91A000E2823 = {
						CreatedOnToolsVersion = 12.5;
					};
					3F552C7B266FF91D000E2823 = {
						CreatedOnToolsVersion = 12.5;
						TestTargetID = 3F552C65266FF91A000E2823;
					};
					3F552C86266FF91D000E2823 = {
						CreatedOnToolsVersion = 12.5;
						TestTargetID = 3F552C65266FF91A000E2823;
					};
				};
			};
			buildConfigurationList = 3F552C61266FF91A000E2823 /* Build configuration list for PBXProject "TestProjetinho" */;
			compatibilityVersion = "Xcode 9.3";
			developmentRegion = en;
			hasScannedForEncodings = 0;
			knownRegions = (
				en,
				Base,
			);
			mainGroup = 3F552C5D266FF91A000E2823;
			productRefGroup = 3F552C67266FF91A000E2823 /* Products */;
			projectDirPath = "";
			projectRoot = "";
			targets = (
				3F552C65266FF91A000E2823 /* TestProjetinho */,
				3F552C7B266FF91D000E2823 /* TestProjetinhoTests */,
				3F552C86266FF91D000E2823 /* TestProjetinhoUITests */,
			);
		};
/* End PBXProject section */

/* Begin PBXResourcesBuildPhase section */
		3F552C64266FF91A000E2823 /* Resources */ = {
			isa = PBXResourcesBuildPhase;
			buildActionMask = 2147483647;
			files = (
				3F552C76266FF91D000E2823 /* LaunchScreen.storyboard in Resources */,
				3F552C73266FF91D000E2823 /* Assets.xcassets in Resources */,
				3F552C71266FF91A000E2823 /* Main.storyboard in Resources */,
			);
			runOnlyForDeploymentPostprocessing = 0;
		};
		3F552C7A266FF91D000E2823 /* Resources */ = {
			isa = PBXResourcesBuildPhase;
			buildActionMask = 2147483647;
			files = (
			);
			runOnlyForDeploymentPostprocessing = 0;
		};
		3F552C85266FF91D000E2823 /* Resources */ = {
			isa = PBXResourcesBuildPhase;
			buildActionMask = 2147483647;
			files = (
			);
			runOnlyForDeploymentPostprocessing = 0;
		};
/* End PBXResourcesBuildPhase section */

/* Begin PBXSourcesBuildPhase section */
		3F552C62266FF91A000E2823 /* Sources */ = {
			isa = PBXSourcesBuildPhase;
			buildActionMask = 2147483647;
			files = (
				3F552C6E266FF91A000E2823 /* ViewController.swift in Sources */,
				3F552C6A266FF91A000E2823 /* AppDelegate.swift in Sources */,
				3F552C6C266FF91A000E2823 /* SceneDelegate.swift in Sources */,
				3F552C9A266FFEFF000E2823 /* DetailViewController.swift in Sources */,
			);
			runOnlyForDeploymentPostprocessing = 0;
		};
		3F552C78266FF91D000E2823 /* Sources */ = {
			isa = PBXSourcesBuildPhase;
			buildActionMask = 2147483647;
			files = (
				3F552C81266FF91D000E2823 /* TestProjetinhoTests.swift in Sources */,
			);
			runOnlyForDeploymentPostprocessing = 0;
		};
		3F552C83266FF91D000E2823 /* Sources */ = {
			isa = PBXSourcesBuildPhase;
			buildActionMask = 2147483647;
			files = (
				3F552C8C266FF91D000E2823 /* TestProjetinhoUITests.swift in Sources */,
			);
			runOnlyForDeploymentPostprocessing = 0;
		};
/* End PBXSourcesBuildPhase section */

/* Begin PBXTargetDependency section */
		3F552C7E266FF91D000E2823 /* PBXTargetDependency */ = {
			isa = PBXTargetDependency;
			target = 3F552C65266FF91A000E2823 /* TestProjetinho */;
			targetProxy = 3F552C7D266FF91D000E2823 /* PBXContainerItemProxy */;
		};
		3F552C89266FF91D000E2823 /* PBXTargetDependency */ = {
			isa = PBXTargetDependency;
			target = 3F552C65266FF91A000E2823 /* TestProjetinho */;
			targetProxy = 3F552C88266FF91D000E2823 /* PBXContainerItemProxy */;
		};
/* End PBXTargetDependency section */

/* Begin PBXVariantGroup section */
		3F552C6F266FF91A000E2823 /* Main.storyboard */ = {
			isa = PBXVariantGroup;
			children = (
				3F552C70266FF91A000E2823 /* Base */,
			);
			name = Main.storyboard;
			sourceTree = "<group>";
		};
		3F552C74266FF91D000E2823 /* LaunchScreen.storyboard */ = {
			isa = PBXVariantGroup;
			children = (
				3F552C75266FF91D000E2823 /* Base */,
			);
			name = LaunchScreen.storyboard;
			sourceTree = "<group>";
		};
/* End PBXVariantGroup section */

/* Begin XCBuildConfiguration section */
		3F552C8E266FF91D000E2823 /* Debug */ = {
			isa = XCBuildConfiguration;
			buildSettings = {
				ALWAYS_SEARCH_USER_PATHS = NO;
				CLANG_ANALYZER_NONNULL = YES;
				CLANG_ANALYZER_NUMBER_OBJECT_CONVERSION = YES_AGGRESSIVE;
				CLANG_CXX_LANGUAGE_STANDARD = "gnu++14";
				CLANG_CXX_LIBRARY = "libc++";
				CLANG_ENABLE_MODULES = YES;
				CLANG_ENABLE_OBJC_ARC = YES;
				CLANG_ENABLE_OBJC_WEAK = YES;
				CLANG_WARN_BLOCK_CAPTURE_AUTORELEASING = YES;
				CLANG_WARN_BOOL_CONVERSION = YES;
				CLANG_WARN_COMMA = YES;
				CLANG_WARN_CONSTANT_CONVERSION = YES;
				CLANG_WARN_DEPRECATED_OBJC_IMPLEMENTATIONS = YES;
				CLANG_WARN_DIRECT_OBJC_ISA_USAGE = YES_ERROR;
				CLANG_WARN_DOCUMENTATION_COMMENTS = YES;
				CLANG_WARN_EMPTY_BODY = YES;
				CLANG_WARN_ENUM_CONVERSION = YES;
				CLANG_WARN_INFINITE_RECURSION = YES;
				CLANG_WARN_INT_CONVERSION = YES;
				CLANG_WARN_NON_LITERAL_NULL_CONVERSION = YES;
				CLANG_WARN_OBJC_IMPLICIT_RETAIN_SELF = YES;
				CLANG_WARN_OBJC_LITERAL_CONVERSION = YES;
				CLANG_WARN_OBJC_ROOT_CLASS = YES_ERROR;
				CLANG_WARN_QUOTED_INCLUDE_IN_FRAMEWORK_HEADER = YES;
				CLANG_WARN_RANGE_LOOP_ANALYSIS = YES;
				CLANG_WARN_STRICT_PROTOTYPES = YES;
				CLANG_WARN_SUSPICIOUS_MOVE = YES;
				CLANG_WARN_UNGUARDED_AVAILABILITY = YES_AGGRESSIVE;
				CLANG_WARN_UNREACHABLE_CODE = YES;
				CLANG_WARN__DUPLICATE_METHOD_MATCH = YES;
				COPY_PHASE_STRIP = NO;
				DEBUG_INFORMATION_FORMAT = dwarf;
				ENABLE_STRICT_OBJC_MSGSEND = YES;
				ENABLE_TESTABILITY = YES;
				GCC_C_LANGUAGE_STANDARD = gnu11;
				GCC_DYNAMIC_NO_PIC = NO;
				GCC_NO_COMMON_BLOCKS = YES;
				GCC_OPTIMIZATION_LEVEL = 0;
				GCC_PREPROCESSOR_DEFINITIONS = (
					"DEBUG=1",
					"$(inherited)",
				);
				GCC_WARN_64_TO_32_BIT_CONVERSION = YES;
				GCC_WARN_ABOUT_RETURN_TYPE = YES_ERROR;
				GCC_WARN_UNDECLARED_SELECTOR = YES;
				GCC_WARN_UNINITIALIZED_AUTOS = YES_AGGRESSIVE;
				GCC_WARN_UNUSED_FUNCTION = YES;
				GCC_WARN_UNUSED_VARIABLE = YES;
				IPHONEOS_DEPLOYMENT_TARGET = 14.5;
				MTL_ENABLE_DEBUG_INFO = INCLUDE_SOURCE;
				MTL_FAST_MATH = YES;
				ONLY_ACTIVE_ARCH = YES;
				SDKROOT = iphoneos;
				SWIFT_ACTIVE_COMPILATION_CONDITIONS = DEBUG;
				SWIFT_OPTIMIZATION_LEVEL = "-Onone";
			};
			name = Debug;
		};
		3F552C8F266FF91D000E2823 /* Release */ = {
			isa = XCBuildConfiguration;
			buildSettings = {
				ALWAYS_SEARCH_USER_PATHS = NO;
				CLANG_ANALYZER_NONNULL = YES;
				CLANG_ANALYZER_NUMBER_OBJECT_CONVERSION = YES_AGGRESSIVE;
				CLANG_CXX_LANGUAGE_STANDARD = "gnu++14";
				CLANG_CXX_LIBRARY = "libc++";
				CLANG_ENABLE_MODULES = YES;
				CLANG_ENABLE_OBJC_ARC = YES;
				CLANG_ENABLE_OBJC_WEAK = YES;
				CLANG_WARN_BLOCK_CAPTURE_AUTORELEASING = YES;
				CLANG_WARN_BOOL_CONVERSION = YES;
				CLANG_WARN_COMMA = YES;
				CLANG_WARN_CONSTANT_CONVERSION = YES;
				CLANG_WARN_DEPRECATED_OBJC_IMPLEMENTATIONS = YES;
				CLANG_WARN_DIRECT_OBJC_ISA_USAGE = YES_ERROR;
				CLANG_WARN_DOCUMENTATION_COMMENTS = YES;
				CLANG_WARN_EMPTY_BODY = YES;
				CLANG_WARN_ENUM_CONVERSION = YES;
				CLANG_WARN_INFINITE_RECURSION = YES;
				CLANG_WARN_INT_CONVERSION = YES;
				CLANG_WARN_NON_LITERAL_NULL_CONVERSION = YES;
				CLANG_WARN_OBJC_IMPLICIT_RETAIN_SELF = YES;
				CLANG_WARN_OBJC_LITERAL_CONVERSION = YES;
				CLANG_WARN_OBJC_ROOT_CLASS = YES_ERROR;
				CLANG_WARN_QUOTED_INCLUDE_IN_FRAMEWORK_HEADER = YES;
				CLANG_WARN_RANGE_LOOP_ANALYSIS = YES;
				CLANG_WARN_STRICT_PROTOTYPES = YES;
				CLANG_WARN_SUSPICIOUS_MOVE = YES;
				CLANG_WARN_UNGUARDED_AVAILABILITY = YES_AGGRESSIVE;
				CLANG_WARN_UNREACHABLE_CODE = YES;
				CLANG_WARN__DUPLICATE_METHOD_MATCH = YES;
				COPY_PHASE_STRIP = NO;
				DEBUG_INFORMATION_FORMAT = "dwarf-with-dsym";
				ENABLE_NS_ASSERTIONS = NO;
				ENABLE_STRICT_OBJC_MSGSEND = YES;
				GCC_C_LANGUAGE_STANDARD = gnu11;
				GCC_NO_COMMON_BLOCKS = YES;
				GCC_WARN_64_TO_32_BIT_CONVERSION = YES;
				GCC_WARN_ABOUT_RETURN_TYPE = YES_ERROR;
				GCC_WARN_UNDECLARED_SELECTOR = YES;
				GCC_WARN_UNINITIALIZED_AUTOS = YES_AGGRESSIVE;
				GCC_WARN_UNUSED_FUNCTION = YES;
				GCC_WARN_UNUSED_VARIABLE = YES;
				IPHONEOS_DEPLOYMENT_TARGET = 14.5;
				MTL_ENABLE_DEBUG_INFO = NO;
				MTL_FAST_MATH = YES;
				SDKROOT = iphoneos;
				SWIFT_COMPILATION_MODE = wholemodule;
				SWIFT_OPTIMIZATION_LEVEL = "-O";
				VALIDATE_PRODUCT = YES;
			};
			name = Release;
		};
		3F552C91266FF91D000E2823 /* Debug */ = {
			isa = XCBuildConfiguration;
			buildSettings = {
				ASSETCATALOG_COMPILER_APPICON_NAME = AppIcon;
				ASSETCATALOG_COMPILER_GLOBAL_ACCENT_COLOR_NAME = AccentColor;
				CODE_SIGN_STYLE = Automatic;
				DEVELOPMENT_TEAM = K5Q8KP646K;
				INFOPLIST_FILE = TestProjetinho/Info.plist;
				LD_RUNPATH_SEARCH_PATHS = (
					"$(inherited)",
					"@executable_path/Frameworks",
				);
				PRODUCT_BUNDLE_IDENTIFIER = PicPay.TestProjetinho;
				PRODUCT_NAME = "$(TARGET_NAME)";
				SWIFT_VERSION = 5.0;
				TARGETED_DEVICE_FAMILY = "1,2";
			};
			name = Debug;
		};
		3F552C92266FF91D000E2823 /* Release */ = {
			isa = XCBuildConfiguration;
			buildSettings = {
				ASSETCATALOG_COMPILER_APPICON_NAME = AppIcon;
				ASSETCATALOG_COMPILER_GLOBAL_ACCENT_COLOR_NAME = AccentColor;
				CODE_SIGN_STYLE = Automatic;
				DEVELOPMENT_TEAM = K5Q8KP646K;
				INFOPLIST_FILE = TestProjetinho/Info.plist;
				LD_RUNPATH_SEARCH_PATHS = (
					"$(inherited)",
					"@executable_path/Frameworks",
				);
				PRODUCT_BUNDLE_IDENTIFIER = PicPay.TestProjetinho;
				PRODUCT_NAME = "$(TARGET_NAME)";
				SWIFT_VERSION = 5.0;
				TARGETED_DEVICE_FAMILY = "1,2";
			};
			name = Release;
		};
		3F552C94266FF91D000E2823 /* Debug */ = {
			isa = XCBuildConfiguration;
			buildSettings = {
				ALWAYS_EMBED_SWIFT_STANDARD_LIBRARIES = YES;
				BUNDLE_LOADER = "$(TEST_HOST)";
				CODE_SIGN_STYLE = Automatic;
				DEVELOPMENT_TEAM = K5Q8KP646K;
				INFOPLIST_FILE = TestProjetinhoTests/Info.plist;
				IPHONEOS_DEPLOYMENT_TARGET = 14.5;
				LD_RUNPATH_SEARCH_PATHS = (
					"$(inherited)",
					"@executable_path/Frameworks",
					"@loader_path/Frameworks",
				);
				PRODUCT_BUNDLE_IDENTIFIER = PicPay.TestProjetinhoTests;
				PRODUCT_NAME = "$(TARGET_NAME)";
				SWIFT_VERSION = 5.0;
				TARGETED_DEVICE_FAMILY = "1,2";
				TEST_HOST = "$(BUILT_PRODUCTS_DIR)/TestProjetinho.app/TestProjetinho";
			};
			name = Debug;
		};
		3F552C95266FF91D000E2823 /* Release */ = {
			isa = XCBuildConfiguration;
			buildSettings = {
				ALWAYS_EMBED_SWIFT_STANDARD_LIBRARIES = YES;
				BUNDLE_LOADER = "$(TEST_HOST)";
				CODE_SIGN_STYLE = Automatic;
				DEVELOPMENT_TEAM = K5Q8KP646K;
				INFOPLIST_FILE = TestProjetinhoTests/Info.plist;
				IPHONEOS_DEPLOYMENT_TARGET = 14.5;
				LD_RUNPATH_SEARCH_PATHS = (
					"$(inherited)",
					"@executable_path/Frameworks",
					"@loader_path/Frameworks",
				);
				PRODUCT_BUNDLE_IDENTIFIER = PicPay.TestProjetinhoTests;
				PRODUCT_NAME = "$(TARGET_NAME)";
				SWIFT_VERSION = 5.0;
				TARGETED_DEVICE_FAMILY = "1,2";
				TEST_HOST = "$(BUILT_PRODUCTS_DIR)/TestProjetinho.app/TestProjetinho";
			};
			name = Release;
		};
		3F552C97266FF91D000E2823 /* Debug */ = {
			isa = XCBuildConfiguration;
			buildSettings = {
				ALWAYS_EMBED_SWIFT_STANDARD_LIBRARIES = YES;
				CODE_SIGN_STYLE = Automatic;
				DEVELOPMENT_TEAM = K5Q8KP646K;
				INFOPLIST_FILE = TestProjetinhoUITests/Info.plist;
				LD_RUNPATH_SEARCH_PATHS = (
					"$(inherited)",
					"@executable_path/Frameworks",
					"@loader_path/Frameworks",
				);
				PRODUCT_BUNDLE_IDENTIFIER = PicPay.TestProjetinhoUITests;
				PRODUCT_NAME = "$(TARGET_NAME)";
				SWIFT_VERSION = 5.0;
				TARGETED_DEVICE_FAMILY = "1,2";
				TEST_TARGET_NAME = TestProjetinho;
			};
			name = Debug;
		};
		3F552C98266FF91D000E2823 /* Release */ = {
			isa = XCBuildConfiguration;
			buildSettings = {
				ALWAYS_EMBED_SWIFT_STANDARD_LIBRARIES = YES;
				CODE_SIGN_STYLE = Automatic;
				DEVELOPMENT_TEAM = K5Q8KP646K;
				INFOPLIST_FILE = TestProjetinhoUITests/Info.plist;
				LD_RUNPATH_SEARCH_PATHS = (
					"$(inherited)",
					"@executable_path/Frameworks",
					"@loader_path/Frameworks",
				);
				PRODUCT_BUNDLE_IDENTIFIER = PicPay.TestProjetinhoUITests;
				PRODUCT_NAME = "$(TARGET_NAME)";
				SWIFT_VERSION = 5.0;
				TARGETED_DEVICE_FAMILY = "1,2";
				TEST_TARGET_NAME = TestProjetinho;
			};
			name = Release;
		};
/* End XCBuildConfiguration section */

/* Begin XCConfigurationList section */
		3F552C61266FF91A000E2823 /* Build configuration list for PBXProject "TestProjetinho" */ = {
			isa = XCConfigurationList;
			buildConfigurations = (
				3F552C8E266FF91D000E2823 /* Debug */,
				3F552C8F266FF91D000E2823 /* Release */,
			);
			defaultConfigurationIsVisible = 0;
			defaultConfigurationName = Release;
		};
		3F552C90266FF91D000E2823 /* Build configuration list for PBXNativeTarget "TestProjetinho" */ = {
			isa = XCConfigurationList;
			buildConfigurations = (
				3F552C91266FF91D000E2823 /* Debug */,
				3F552C92266FF91D000E2823 /* Release */,
			);
			defaultConfigurationIsVisible = 0;
			defaultConfigurationName = Release;
		};
		3F552C93266FF91D000E2823 /* Build configuration list for PBXNativeTarget "TestProjetinhoTests" */ = {
			isa = XCConfigurationList;
			buildConfigurations = (
				3F552C94266FF91D000E2823 /* Debug */,
				3F552C95266FF91D000E2823 /* Release */,
			);
			defaultConfigurationIsVisible = 0;
			defaultConfigurationName = Release;
		};
		3F552C96266FF91D000E2823 /* Build configuration list for PBXNativeTarget "TestProjetinhoUITests" */ = {
			isa = XCConfigurationList;
			buildConfigurations = (
				3F552C97266FF91D000E2823 /* Debug */,
				3F552C98266FF91D000E2823 /* Release */,
			);
			defaultConfigurationIsVisible = 0;
			defaultConfigurationName = Release;
		};
/* End XCConfigurationList section */
	};
	rootObject = 3F552C5E266FF91A000E2823 /* Project object */;
}
